# This is a Gradle generated file for dependency locking.
# Manual edits can break the build and are not advised.
# This file is expected to be part of source control.
com.android.tools.build:aapt2:4.0.0-6051327=_internal_aapt2_binary
empty=androidApis,androidTestApiDependenciesMetadata,androidTestCompileOnlyDependenciesMetadata,androidTestDebugApiDependenciesMetadata,androidTestDebugCompileOnlyDependenciesMetadata,androidTestDebugImplementationDependenciesMetadata,androidTestDebugRuntimeOnlyDependenciesMetadata,androidTestImplementationDependenciesMetadata,androidTestRuntimeOnlyDependenciesMetadata,androidTestUtil
